{
	"requires": true,
	"lockfileVersion": 1,
	"dependencies": {
		"jsencrypt": {
			"version": "3.0.0-rc.1",
			"resolved": "https://registry.npmjs.org/jsencrypt/-/jsencrypt-3.0.0-rc.1.tgz",
			"integrity": "sha512-gcvGaqerlUJy1Kq6tNgPYteVEoWNemu+9hBe2CdsCIz4rVcwjoTQ72iD1W76/PRMlnkzG0yVh7nwOOMOOUfKmg=="
		},
		"jweixin-module": {
			"version": "1.6.0",
			"resolved": "https://registry.npmjs.org/jweixin-module/-/jweixin-module-1.6.0.tgz",
			"integrity": "sha512-dGk9cf+ipipHmtzYmKZs5B2toX+p4hLyllGLF6xuC8t+B05oYxd8fYoaRz0T30U2n3RUv8a4iwvjhA+OcYz52w=="
		}
	}
}
